{
  "projects": [
    {
      "projectId": "28Ba3BDvRe7EiWdfFNnLB6",
      "version": "2.22.0",
      "dependencies": {},
      "lang": "ts",
      "fileLocks": [
        {
          "assetId": "28Ba3BDvRe7EiWdfFNnLB6",
          "type": "projectCss",
          "checksum": "e1ec850476829c38b0f9b6d4f7ac446a"
        }
      ],
      "codegenVersion": "0.0.1"
    },
    {
      "projectId": "gLnoj82AzKVVT7qXiqAbHD",
      "version": "1.14.0",
      "dependencies": {},
      "lang": "ts",
      "fileLocks": [
        {
          "type": "renderModule",
          "assetId": "lBHNzts6tFyj",
          "checksum": "34e291ea31ddce5ac4fead9c39f594c0"
        },
        {
          "type": "cssRules",
          "assetId": "lBHNzts6tFyj",
          "checksum": "34e291ea31ddce5ac4fead9c39f594c0"
        },
        {
          "type": "icon",
          "assetId": "zq2s7N0xWucT",
          "checksum": "61b12414624174db4cd2e3e683119fcb"
        },
        {
          "type": "icon",
          "assetId": "8K40faRNhuCj",
          "checksum": "4fedd32cd8730884585d804464a39318"
        },
        {
          "assetId": "gLnoj82AzKVVT7qXiqAbHD",
          "type": "projectCss",
          "checksum": "e1ec850476829c38b0f9b6d4f7ac446a"
        }
      ],
      "codegenVersion": "0.0.1"
    },
    {
      "projectId": "jkU633o1Cz7HrJdwdxhVHk",
      "version": "15.0.0",
      "dependencies": {},
      "lang": "ts",
      "fileLocks": [
        {
          "assetId": "jkU633o1Cz7HrJdwdxhVHk",
          "type": "projectCss",
          "checksum": "e1ec850476829c38b0f9b6d4f7ac446a"
        }
      ],
      "codegenVersion": "0.0.1"
    },
    {
      "projectId": "ohDidvG9XsCeFumugENU3J",
      "version": "4.3.0",
      "dependencies": {},
      "lang": "ts",
      "fileLocks": [
        {
          "assetId": "ohDidvG9XsCeFumugENU3J",
          "checksum": "8f45a75070e2f0edc34a4dc3d5f6b736",
          "type": "globalContexts"
        },
        {
          "assetId": "ohDidvG9XsCeFumugENU3J",
          "type": "projectCss",
          "checksum": "fd83b730367fdbde2c69bc6cf31c2a3c"
        }
      ],
      "codegenVersion": "0.0.1"
    },
    {
      "projectId": "caTPwKxj5ZrD9LQ7DMdK4Z",
      "version": "3.19.0",
      "dependencies": {},
      "lang": "ts",
      "fileLocks": [
        {
          "assetId": "caTPwKxj5ZrD9LQ7DMdK4Z",
          "type": "projectCss",
          "checksum": "9fe64c4dd8439ba4d2df6de161f0ad40"
        }
      ],
      "codegenVersion": "0.0.1"
    },
    {
      "projectId": "4msTxzQkVxmeBxU6hC5iDX",
      "version": "latest",
      "dependencies": {
        "caTPwKxj5ZrD9LQ7DMdK4Z": "3.19.0",
        "ohDidvG9XsCeFumugENU3J": "4.3.0",
        "jkU633o1Cz7HrJdwdxhVHk": "15.0.0",
        "gLnoj82AzKVVT7qXiqAbHD": "1.14.0",
        "28Ba3BDvRe7EiWdfFNnLB6": "2.22.0"
      },
      "lang": "ts",
      "fileLocks": [
        {
          "type": "globalVariant",
          "assetId": "pZxZBUZ_HyWXD",
          "checksum": "875a1a06ca0f21356a322a590cac8ac6"
        },
        {
          "assetId": "4msTxzQkVxmeBxU6hC5iDX",
          "checksum": "5b2bb28e1979ae934bbf0676870499c3",
          "type": "globalContexts"
        },
        {
          "type": "renderModule",
          "assetId": "I-446ENuriy",
          "checksum": "82d5b8518c2d7bee1ced150384c1560e"
        },
        {
          "type": "cssRules",
          "assetId": "I-446ENuriy",
          "checksum": "82d5b8518c2d7bee1ced150384c1560e"
        },
        {
          "type": "renderModule",
          "assetId": "OCOvXvczZkJ",
          "checksum": "a212eb1f23ab3986cad0e04ba3824a27"
        },
        {
          "type": "cssRules",
          "assetId": "OCOvXvczZkJ",
          "checksum": "a212eb1f23ab3986cad0e04ba3824a27"
        },
        {
          "type": "icon",
          "assetId": "Sbqp0mYDNdR",
          "checksum": "f22356f0cf6a112947041846cfe23cb9"
        },
        {
          "type": "renderModule",
          "assetId": "sl5p3sYKkHMv",
          "checksum": "072027a3e0251dae2a5a54421fec2e6c"
        },
        {
          "type": "cssRules",
          "assetId": "sl5p3sYKkHMv",
          "checksum": "072027a3e0251dae2a5a54421fec2e6c"
        },
        {
          "assetId": "4msTxzQkVxmeBxU6hC5iDX",
          "type": "projectCss",
          "checksum": "2c572a0d72f080b6322b960f24f389ed"
        }
      ],
      "codegenVersion": "0.0.1"
    }
  ],
  "cliVersion": "0.1.285"
}
